// !$*UTF8*$!
{
	archiveVersion = 1;
	classes = {
	};
	objectVersion = 56;
	objects = {

/* Begin PBXBuildFile section */
		C7CC7F5CE59E23C70C91AA0E /* Pods_SecurityGuard.framework in Frameworks */ = {isa = PBXBuildFile; fileRef = 36630C76A4B36A2536BCBA9B /* Pods_SecurityGuard.framework */; };
		F1271B7C2AAB1C7F00A5DA5F /* PartsViewController.swift in Sources */ = {isa = PBXBuildFile; fileRef = F1271B7B2AAB1C7F00A5DA5F /* PartsViewController.swift */; };
		F1271B802AAB20B700A5DA5F /* OthersViewController.swift in Sources */ = {isa = PBXBuildFile; fileRef = F1271B7F2AAB20B700A5DA5F /* OthersViewController.swift */; };
		F14DF5802A9B539F0068ECD1 /* FontExtensions.swift in Sources */ = {isa = PBXBuildFile; fileRef = F14DF57F2A9B539F0068ECD1 /* FontExtensions.swift */; };
		F15AD2DA2A84BC650082331F /* AlertController.swift in Sources */ = {isa = PBXBuildFile; fileRef = F15AD2D92A84BC650082331F /* AlertController.swift */; };
		F15AD2DC2A84D1D90082331F /* AuthManager.swift in Sources */ = {isa = PBXBuildFile; fileRef = F15AD2DB2A84D1D90082331F /* AuthManager.swift */; };
		F15B299C2A83D970005B5C1A /* User.swift in Sources */ = {isa = PBXBuildFile; fileRef = F15B299B2A83D970005B5C1A /* User.swift */; };
		F15B299E2A83D9BA005B5C1A /* LoginViewModel.swift in Sources */ = {isa = PBXBuildFile; fileRef = F15B299D2A83D9BA005B5C1A /* LoginViewModel.swift */; };
		F15B29A12A83DAB4005B5C1A /* UserDefaultExtensions.swift in Sources */ = {isa = PBXBuildFile; fileRef = F15B29A02A83DAB4005B5C1A /* UserDefaultExtensions.swift */; };
		F15B29A52A83DEA4005B5C1A /* Localizable.strings in Resources */ = {isa = PBXBuildFile; fileRef = F15B29A72A83DEA4005B5C1A /* Localizable.strings */; };
		F19334542A8CA9D00011403C /* AddDeviceViewController.swift in Sources */ = {isa = PBXBuildFile; fileRef = F19334532A8CA9D00011403C /* AddDeviceViewController.swift */; };
		F19334572A8CA9ED0011403C /* AddDeviceViewModel.swift in Sources */ = {isa = PBXBuildFile; fileRef = F19334562A8CA9ED0011403C /* AddDeviceViewModel.swift */; };
		F193345A2A8CAAB80011403C /* Device.swift in Sources */ = {isa = PBXBuildFile; fileRef = F19334592A8CAAB80011403C /* Device.swift */; };
		F193345C2A8CB33F0011403C /* Colors.xcassets in Resources */ = {isa = PBXBuildFile; fileRef = F193345B2A8CB33F0011403C /* Colors.xcassets */; };
		F193345F2A8CB3DB0011403C /* B Yekan.ttf in Resources */ = {isa = PBXBuildFile; fileRef = F193345E2A8CB3DB0011403C /* B Yekan.ttf */; };
		F19334662A8CF4340011403C /* HomeViewController.swift in Sources */ = {isa = PBXBuildFile; fileRef = F19334652A8CF4340011403C /* HomeViewController.swift */; };
		F1997DCA2AAEFC9A000C9C99 /* DeviceSelectorViewController.swift in Sources */ = {isa = PBXBuildFile; fileRef = F1997DC92AAEFC9A000C9C99 /* DeviceSelectorViewController.swift */; };
		F1997DCD2AAEFCC9000C9C99 /* DeviceTableViewCell.swift in Sources */ = {isa = PBXBuildFile; fileRef = F1997DCC2AAEFCC9000C9C99 /* DeviceTableViewCell.swift */; };
		F1A118472A80D44C00BE2349 /* AppDelegate.swift in Sources */ = {isa = PBXBuildFile; fileRef = F1A118462A80D44C00BE2349 /* AppDelegate.swift */; };
		F1A118492A80D44C00BE2349 /* SceneDelegate.swift in Sources */ = {isa = PBXBuildFile; fileRef = F1A118482A80D44C00BE2349 /* SceneDelegate.swift */; };
		F1A1184E2A80D44C00BE2349 /* Main.storyboard in Resources */ = {isa = PBXBuildFile; fileRef = F1A1184C2A80D44C00BE2349 /* Main.storyboard */; };
		F1A118502A80D44D00BE2349 /* Assets.xcassets in Resources */ = {isa = PBXBuildFile; fileRef = F1A1184F2A80D44D00BE2349 /* Assets.xcassets */; };
		F1A118532A80D44D00BE2349 /* LaunchScreen.storyboard in Resources */ = {isa = PBXBuildFile; fileRef = F1A118512A80D44D00BE2349 /* LaunchScreen.storyboard */; };
		F1A1185F2A80DB8200BE2349 /* LoginViewController.swift in Sources */ = {isa = PBXBuildFile; fileRef = F1A1185E2A80DB8200BE2349 /* LoginViewController.swift */; };
		F1A118632A80E47300BE2349 /* PaddedTextField.swift in Sources */ = {isa = PBXBuildFile; fileRef = F1A118622A80E47300BE2349 /* PaddedTextField.swift */; };
		F1A4F1792A9CABB400CC147D /* ActivationViewController.swift in Sources */ = {isa = PBXBuildFile; fileRef = F1A4F1782A9CABB400CC147D /* ActivationViewController.swift */; };
		F1D9AD482A9A078F00029A8C /* TabBarController.swift in Sources */ = {isa = PBXBuildFile; fileRef = F1D9AD472A9A078F00029A8C /* TabBarController.swift */; };
/* End PBXBuildFile section */

/* Begin PBXFileReference section */
		36630C76A4B36A2536BCBA9B /* Pods_SecurityGuard.framework */ = {isa = PBXFileReference; explicitFileType = wrapper.framework; includeInIndex = 0; path = Pods_SecurityGuard.framework; sourceTree = BUILT_PRODUCTS_DIR; };
		5FF7E304DBA56746BD454470 /* Pods-SecurityGuard.debug.xcconfig */ = {isa = PBXFileReference; includeInIndex = 1; lastKnownFileType = text.xcconfig; name = "Pods-SecurityGuard.debug.xcconfig"; path = "Target Support Files/Pods-SecurityGuard/Pods-SecurityGuard.debug.xcconfig"; sourceTree = "<group>"; };
		F1271B7B2AAB1C7F00A5DA5F /* PartsViewController.swift */ = {isa = PBXFileReference; lastKnownFileType = sourcecode.swift; path = PartsViewController.swift; sourceTree = "<group>"; };
		F1271B7F2AAB20B700A5DA5F /* OthersViewController.swift */ = {isa = PBXFileReference; lastKnownFileType = sourcecode.swift; path = OthersViewController.swift; sourceTree = "<group>"; };
		F14DF57F2A9B539F0068ECD1 /* FontExtensions.swift */ = {isa = PBXFileReference; lastKnownFileType = sourcecode.swift; path = FontExtensions.swift; sourceTree = "<group>"; };
		F14DF5842A9B5A7E0068ECD1 /* en */ = {isa = PBXFileReference; lastKnownFileType = text.plist.strings; name = en; path = en.lproj/Main.strings; sourceTree = "<group>"; };
		F14DF5852A9B5A830068ECD1 /* fa */ = {isa = PBXFileReference; lastKnownFileType = text.plist.strings; name = fa; path = fa.lproj/Main.strings; sourceTree = "<group>"; };
		F15AD2D92A84BC650082331F /* AlertController.swift */ = {isa = PBXFileReference; lastKnownFileType = sourcecode.swift; path = AlertController.swift; sourceTree = "<group>"; };
		F15AD2DB2A84D1D90082331F /* AuthManager.swift */ = {isa = PBXFileReference; lastKnownFileType = sourcecode.swift; path = AuthManager.swift; sourceTree = "<group>"; };
		F15B299B2A83D970005B5C1A /* User.swift */ = {isa = PBXFileReference; lastKnownFileType = sourcecode.swift; path = User.swift; sourceTree = "<group>"; };
		F15B299D2A83D9BA005B5C1A /* LoginViewModel.swift */ = {isa = PBXFileReference; lastKnownFileType = sourcecode.swift; path = LoginViewModel.swift; sourceTree = "<group>"; };
		F15B29A02A83DAB4005B5C1A /* UserDefaultExtensions.swift */ = {isa = PBXFileReference; lastKnownFileType = sourcecode.swift; path = UserDefaultExtensions.swift; sourceTree = "<group>"; };
		F15B29A62A83DEA4005B5C1A /* en */ = {isa = PBXFileReference; lastKnownFileType = text.plist.strings; name = en; path = en.lproj/Localizable.strings; sourceTree = "<group>"; };
		F15B29A82A83DF25005B5C1A /* fa */ = {isa = PBXFileReference; lastKnownFileType = text.plist.strings; name = fa; path = fa.lproj/Localizable.strings; sourceTree = "<group>"; };
		F19334532A8CA9D00011403C /* AddDeviceViewController.swift */ = {isa = PBXFileReference; lastKnownFileType = sourcecode.swift; path = AddDeviceViewController.swift; sourceTree = "<group>"; };
		F19334562A8CA9ED0011403C /* AddDeviceViewModel.swift */ = {isa = PBXFileReference; lastKnownFileType = sourcecode.swift; path = AddDeviceViewModel.swift; sourceTree = "<group>"; };
		F19334592A8CAAB80011403C /* Device.swift */ = {isa = PBXFileReference; lastKnownFileType = sourcecode.swift; path = Device.swift; sourceTree = "<group>"; };
		F193345B2A8CB33F0011403C /* Colors.xcassets */ = {isa = PBXFileReference; lastKnownFileType = folder.assetcatalog; path = Colors.xcassets; sourceTree = "<group>"; };
		F193345E2A8CB3DB0011403C /* B Yekan.ttf */ = {isa = PBXFileReference; lastKnownFileType = file; path = "B Yekan.ttf"; sourceTree = "<group>"; };
		F19334652A8CF4340011403C /* HomeViewController.swift */ = {isa = PBXFileReference; lastKnownFileType = sourcecode.swift; path = HomeViewController.swift; sourceTree = "<group>"; };
		F1997DC92AAEFC9A000C9C99 /* DeviceSelectorViewController.swift */ = {isa = PBXFileReference; lastKnownFileType = sourcecode.swift; path = DeviceSelectorViewController.swift; sourceTree = "<group>"; };
		F1997DCC2AAEFCC9000C9C99 /* DeviceTableViewCell.swift */ = {isa = PBXFileReference; lastKnownFileType = sourcecode.swift; path = DeviceTableViewCell.swift; sourceTree = "<group>"; };
		F1A118432A80D44C00BE2349 /* SecurityGuard.app */ = {isa = PBXFileReference; explicitFileType = wrapper.application; includeInIndex = 0; path = SecurityGuard.app; sourceTree = BUILT_PRODUCTS_DIR; };
		F1A118462A80D44C00BE2349 /* AppDelegate.swift */ = {isa = PBXFileReference; lastKnownFileType = sourcecode.swift; path = AppDelegate.swift; sourceTree = "<group>"; };
		F1A118482A80D44C00BE2349 /* SceneDelegate.swift */ = {isa = PBXFileReference; lastKnownFileType = sourcecode.swift; path = SceneDelegate.swift; sourceTree = "<group>"; };
		F1A1184D2A80D44C00BE2349 /* Base */ = {isa = PBXFileReference; lastKnownFileType = file.storyboard; name = Base; path = Base.lproj/Main.storyboard; sourceTree = "<group>"; };
		F1A1184F2A80D44D00BE2349 /* Assets.xcassets */ = {isa = PBXFileReference; lastKnownFileType = folder.assetcatalog; path = Assets.xcassets; sourceTree = "<group>"; };
		F1A118522A80D44D00BE2349 /* Base */ = {isa = PBXFileReference; lastKnownFileType = file.storyboard; name = Base; path = Base.lproj/LaunchScreen.storyboard; sourceTree = "<group>"; };
		F1A118542A80D44D00BE2349 /* Info.plist */ = {isa = PBXFileReference; lastKnownFileType = text.plist.xml; path = Info.plist; sourceTree = "<group>"; };
		F1A1185E2A80DB8200BE2349 /* LoginViewController.swift */ = {isa = PBXFileReference; lastKnownFileType = sourcecode.swift; path = LoginViewController.swift; sourceTree = "<group>"; };
		F1A118622A80E47300BE2349 /* PaddedTextField.swift */ = {isa = PBXFileReference; lastKnownFileType = sourcecode.swift; path = PaddedTextField.swift; sourceTree = "<group>"; };
		F1A4F1782A9CABB400CC147D /* ActivationViewController.swift */ = {isa = PBXFileReference; lastKnownFileType = sourcecode.swift; path = ActivationViewController.swift; sourceTree = "<group>"; };
		F1D9AD472A9A078F00029A8C /* TabBarController.swift */ = {isa = PBXFileReference; fileEncoding = 4; lastKnownFileType = sourcecode.swift; path = TabBarController.swift; sourceTree = "<group>"; };
		F2BE9F37A7F15DF71FAE2A7A /* Pods-SecurityGuard.release.xcconfig */ = {isa = PBXFileReference; includeInIndex = 1; lastKnownFileType = text.xcconfig; name = "Pods-SecurityGuard.release.xcconfig"; path = "Target Support Files/Pods-SecurityGuard/Pods-SecurityGuard.release.xcconfig"; sourceTree = "<group>"; };
/* End PBXFileReference section */

/* Begin PBXFrameworksBuildPhase section */
		F1A118402A80D44C00BE2349 /* Frameworks */ = {
			isa = PBXFrameworksBuildPhase;
			buildActionMask = 2147483647;
			files = (
				C7CC7F5CE59E23C70C91AA0E /* Pods_SecurityGuard.framework in Frameworks */,
			);
			runOnlyForDeploymentPostprocessing = 0;
		};
/* End PBXFrameworksBuildPhase section */

/* Begin PBXGroup section */
		7D98EB2611C6BD4D21FE6BAF /* Frameworks */ = {
			isa = PBXGroup;
			children = (
				36630C76A4B36A2536BCBA9B /* Pods_SecurityGuard.framework */,
			);
			name = Frameworks;
			sourceTree = "<group>";
		};
		A373D6C6BA93362E5D342B86 /* Pods */ = {
			isa = PBXGroup;
			children = (
				5FF7E304DBA56746BD454470 /* Pods-SecurityGuard.debug.xcconfig */,
				F2BE9F37A7F15DF71FAE2A7A /* Pods-SecurityGuard.release.xcconfig */,
			);
			path = Pods;
			sourceTree = "<group>";
		};
		F1271B792AAB1C6500A5DA5F /* Parts */ = {
			isa = PBXGroup;
			children = (
				F1271B7A2AAB1C6F00A5DA5F /* View */,
			);
			path = Parts;
			sourceTree = "<group>";
		};
		F1271B7A2AAB1C6F00A5DA5F /* View */ = {
			isa = PBXGroup;
			children = (
				F1271B7B2AAB1C7F00A5DA5F /* PartsViewController.swift */,
			);
			path = View;
			sourceTree = "<group>";
		};
		F1271B7D2AAB20A200A5DA5F /* Others */ = {
			isa = PBXGroup;
			children = (
				F1271B7E2AAB20AD00A5DA5F /* View */,
			);
			path = Others;
			sourceTree = "<group>";
		};
		F1271B7E2AAB20AD00A5DA5F /* View */ = {
			isa = PBXGroup;
			children = (
				F1271B7F2AAB20B700A5DA5F /* OthersViewController.swift */,
			);
			path = View;
			sourceTree = "<group>";
		};
		F15B299A2A83D966005B5C1A /* Model */ = {
			isa = PBXGroup;
			children = (
				F15B299B2A83D970005B5C1A /* User.swift */,
			);
			path = Model;
			sourceTree = "<group>";
		};
		F15B299F2A83DA9D005B5C1A /* Extensions */ = {
			isa = PBXGroup;
			children = (
				F15B29A02A83DAB4005B5C1A /* UserDefaultExtensions.swift */,
				F14DF57F2A9B539F0068ECD1 /* FontExtensions.swift */,
			);
			path = Extensions;
			sourceTree = "<group>";
		};
		F15B29A22A83DE93005B5C1A /* Languages */ = {
			isa = PBXGroup;
			children = (
				F15B29A72A83DEA4005B5C1A /* Localizable.strings */,
			);
			path = Languages;
			sourceTree = "<group>";
		};
		F15B29A92A83E0AE005B5C1A /* Helper */ = {
			isa = PBXGroup;
			children = (
				F15AD2D92A84BC650082331F /* AlertController.swift */,
				F15AD2DB2A84D1D90082331F /* AuthManager.swift */,
			);
			path = Helper;
			sourceTree = "<group>";
		};
		F182DAC02A8CA6730097AC01 /* Add Device */ = {
			isa = PBXGroup;
			children = (
				F19334582A8CAAA60011403C /* Model */,
				F19334552A8CA9D40011403C /* ViewModel */,
				F19334522A8CA9B80011403C /* View */,
			);
			path = "Add Device";
			sourceTree = "<group>";
		};
		F19334522A8CA9B80011403C /* View */ = {
			isa = PBXGroup;
			children = (
				F19334532A8CA9D00011403C /* AddDeviceViewController.swift */,
			);
			path = View;
			sourceTree = "<group>";
		};
		F19334552A8CA9D40011403C /* ViewModel */ = {
			isa = PBXGroup;
			children = (
				F19334562A8CA9ED0011403C /* AddDeviceViewModel.swift */,
			);
			path = ViewModel;
			sourceTree = "<group>";
		};
		F19334582A8CAAA60011403C /* Model */ = {
			isa = PBXGroup;
			children = (
				F19334592A8CAAB80011403C /* Device.swift */,
			);
			path = Model;
			sourceTree = "<group>";
		};
		F193345D2A8CB3D00011403C /* Fonts */ = {
			isa = PBXGroup;
			children = (
				F193345E2A8CB3DB0011403C /* B Yekan.ttf */,
			);
			path = Fonts;
			sourceTree = "<group>";
		};
		F19334642A8CF4140011403C /* Home */ = {
			isa = PBXGroup;
			children = (
				F19334652A8CF4340011403C /* HomeViewController.swift */,
			);
			path = Home;
			sourceTree = "<group>";
		};
		F1997DC72AAEFC7E000C9C99 /* Device Selector */ = {
			isa = PBXGroup;
			children = (
				F1997DCB2AAEFCB4000C9C99 /* Cell */,
				F1997DC82AAEFC88000C9C99 /* View */,
			);
			path = "Device Selector";
			sourceTree = "<group>";
		};
		F1997DC82AAEFC88000C9C99 /* View */ = {
			isa = PBXGroup;
			children = (
				F1997DC92AAEFC9A000C9C99 /* DeviceSelectorViewController.swift */,
			);
			path = View;
			sourceTree = "<group>";
		};
		F1997DCB2AAEFCB4000C9C99 /* Cell */ = {
			isa = PBXGroup;
			children = (
				F1997DCC2AAEFCC9000C9C99 /* DeviceTableViewCell.swift */,
			);
			path = Cell;
			sourceTree = "<group>";
		};
		F1A1183A2A80D44C00BE2349 = {
			isa = PBXGroup;
			children = (
				F1A118452A80D44C00BE2349 /* SecurityGuard */,
				F1A118442A80D44C00BE2349 /* Products */,
				A373D6C6BA93362E5D342B86 /* Pods */,
				7D98EB2611C6BD4D21FE6BAF /* Frameworks */,
			);
			sourceTree = "<group>";
		};
		F1A118442A80D44C00BE2349 /* Products */ = {
			isa = PBXGroup;
			children = (
				F1A118432A80D44C00BE2349 /* SecurityGuard.app */,
			);
			name = Products;
			sourceTree = "<group>";
		};
		F1A118452A80D44C00BE2349 /* SecurityGuard */ = {
			isa = PBXGroup;
			children = (
				F15B29A92A83E0AE005B5C1A /* Helper */,
				F15B29A22A83DE93005B5C1A /* Languages */,
				F15B299F2A83DA9D005B5C1A /* Extensions */,
				F1A118602A80E44F00BE2349 /* Views */,
				F1A1185A2A80DB5F00BE2349 /* Features */,
				F1A118462A80D44C00BE2349 /* AppDelegate.swift */,
				F1A118482A80D44C00BE2349 /* SceneDelegate.swift */,
				F1A1184C2A80D44C00BE2349 /* Main.storyboard */,
				F1A1184F2A80D44D00BE2349 /* Assets.xcassets */,
				F193345B2A8CB33F0011403C /* Colors.xcassets */,
				F1A118512A80D44D00BE2349 /* LaunchScreen.storyboard */,
				F1A118542A80D44D00BE2349 /* Info.plist */,
				F193345D2A8CB3D00011403C /* Fonts */,
			);
			path = SecurityGuard;
			sourceTree = "<group>";
		};
		F1A1185A2A80DB5F00BE2349 /* Features */ = {
			isa = PBXGroup;
			children = (
				F1997DC72AAEFC7E000C9C99 /* Device Selector */,
				F1271B7D2AAB20A200A5DA5F /* Others */,
				F1271B792AAB1C6500A5DA5F /* Parts */,
				F1A4F1762A9CAB9400CC147D /* Activation */,
				F1D9AD432A9A014A00029A8C /* Tabbar */,
				F19334642A8CF4140011403C /* Home */,
				F182DAC02A8CA6730097AC01 /* Add Device */,
				F1A1185B2A80DB6900BE2349 /* Login */,
			);
			path = Features;
			sourceTree = "<group>";
		};
		F1A1185B2A80DB6900BE2349 /* Login */ = {
			isa = PBXGroup;
			children = (
				F15B299A2A83D966005B5C1A /* Model */,
				F1A1185D2A80DB7600BE2349 /* ViewModel */,
				F1A1185C2A80DB6F00BE2349 /* View */,
			);
			path = Login;
			sourceTree = "<group>";
		};
		F1A1185C2A80DB6F00BE2349 /* View */ = {
			isa = PBXGroup;
			children = (
				F1A1185E2A80DB8200BE2349 /* LoginViewController.swift */,
			);
			path = View;
			sourceTree = "<group>";
		};
		F1A1185D2A80DB7600BE2349 /* ViewModel */ = {
			isa = PBXGroup;
			children = (
				F15B299D2A83D9BA005B5C1A /* LoginViewModel.swift */,
			);
			path = ViewModel;
			sourceTree = "<group>";
		};
		F1A118602A80E44F00BE2349 /* Views */ = {
			isa = PBXGroup;
			children = (
				F1A118612A80E45500BE2349 /* PaddedTextField */,
			);
			path = Views;
			sourceTree = "<group>";
		};
		F1A118612A80E45500BE2349 /* PaddedTextField */ = {
			isa = PBXGroup;
			children = (
				F1A118622A80E47300BE2349 /* PaddedTextField.swift */,
			);
			path = PaddedTextField;
			sourceTree = "<group>";
		};
		F1A4F1762A9CAB9400CC147D /* Activation */ = {
			isa = PBXGroup;
			children = (
				F1A4F1772A9CAB9D00CC147D /* View */,
			);
			path = Activation;
			sourceTree = "<group>";
		};
		F1A4F1772A9CAB9D00CC147D /* View */ = {
			isa = PBXGroup;
			children = (
				F1A4F1782A9CABB400CC147D /* ActivationViewController.swift */,
			);
			path = View;
			sourceTree = "<group>";
		};
		F1D9AD432A9A014A00029A8C /* Tabbar */ = {
			isa = PBXGroup;
			children = (
				F1D9AD442A9A015700029A8C /* View */,
			);
			path = Tabbar;
			sourceTree = "<group>";
		};
		F1D9AD442A9A015700029A8C /* View */ = {
			isa = PBXGroup;
			children = (
				F1D9AD472A9A078F00029A8C /* TabBarController.swift */,
			);
			path = View;
			sourceTree = "<group>";
		};
/* End PBXGroup section */

/* Begin PBXNativeTarget section */
		F1A118422A80D44C00BE2349 /* SecurityGuard */ = {
			isa = PBXNativeTarget;
			buildConfigurationList = F1A118572A80D44D00BE2349 /* Build configuration list for PBXNativeTarget "SecurityGuard" */;
			buildPhases = (
				08701DEFD5DCD5CBE22EF9A2 /* [CP] Check Pods Manifest.lock */,
				F1A1183F2A80D44C00BE2349 /* Sources */,
				F1A118402A80D44C00BE2349 /* Frameworks */,
				F1A118412A80D44C00BE2349 /* Resources */,
				ED3F6B5A8889994FBC9A6452 /* [CP] Embed Pods Frameworks */,
			);
			buildRules = (
			);
			dependencies = (
			);
			name = SecurityGuard;
			productName = SecurityGuard;
			productReference = F1A118432A80D44C00BE2349 /* SecurityGuard.app */;
			productType = "com.apple.product-type.application";
		};
/* End PBXNativeTarget section */

/* Begin PBXProject section */
		F1A1183B2A80D44C00BE2349 /* Project object */ = {
			isa = PBXProject;
			attributes = {
				BuildIndependentTargetsInParallel = 1;
				LastSwiftUpdateCheck = 1430;
				LastUpgradeCheck = 1430;
				TargetAttributes = {
					F1A118422A80D44C00BE2349 = {
						CreatedOnToolsVersion = 14.3;
					};
				};
			};
			buildConfigurationList = F1A1183E2A80D44C00BE2349 /* Build configuration list for PBXProject "SecurityGuard" */;
			compatibilityVersion = "Xcode 14.0";
			developmentRegion = en;
			hasScannedForEncodings = 0;
			knownRegions = (
				en,
				Base,
				fa,
			);
			mainGroup = F1A1183A2A80D44C00BE2349;
			productRefGroup = F1A118442A80D44C00BE2349 /* Products */;
			projectDirPath = "";
			projectRoot = "";
			targets = (
				F1A118422A80D44C00BE2349 /* SecurityGuard */,
			);
		};
/* End PBXProject section */

/* Begin PBXResourcesBuildPhase section */
		F1A118412A80D44C00BE2349 /* Resources */ = {
			isa = PBXResourcesBuildPhase;
			buildActionMask = 2147483647;
			files = (
				F193345C2A8CB33F0011403C /* Colors.xcassets in Resources */,
				F1A118532A80D44D00BE2349 /* LaunchScreen.storyboard in Resources */,
				F193345F2A8CB3DB0011403C /* B Yekan.ttf in Resources */,
				F15B29A52A83DEA4005B5C1A /* Localizable.strings in Resources */,
				F1A118502A80D44D00BE2349 /* Assets.xcassets in Resources */,
				F1A1184E2A80D44C00BE2349 /* Main.storyboard in Resources */,
			);
			runOnlyForDeploymentPostprocessing = 0;
		};
/* End PBXResourcesBuildPhase section */

/* Begin PBXShellScriptBuildPhase section */
		08701DEFD5DCD5CBE22EF9A2 /* [CP] Check Pods Manifest.lock */ = {
			isa = PBXShellScriptBuildPhase;
			buildActionMask = 2147483647;
			files = (
			);
			inputFileListPaths = (
			);
			inputPaths = (
				"${PODS_PODFILE_DIR_PATH}/Podfile.lock",
				"${PODS_ROOT}/Manifest.lock",
			);
			name = "[CP] Check Pods Manifest.lock";
			outputFileListPaths = (
			);
			outputPaths = (
				"$(DERIVED_FILE_DIR)/Pods-SecurityGuard-checkManifestLockResult.txt",
			);
			runOnlyForDeploymentPostprocessing = 0;
			shellPath = /bin/sh;
			shellScript = "diff \"${PODS_PODFILE_DIR_PATH}/Podfile.lock\" \"${PODS_ROOT}/Manifest.lock\" > /dev/null\nif [ $? != 0 ] ; then\n    # print error to STDERR\n    echo \"error: The sandbox is not in sync with the Podfile.lock. Run 'pod install' or update your CocoaPods installation.\" >&2\n    exit 1\nfi\n# This output is used by Xcode 'outputs' to avoid re-running this script phase.\necho \"SUCCESS\" > \"${SCRIPT_OUTPUT_FILE_0}\"\n";
			showEnvVarsInLog = 0;
		};
		ED3F6B5A8889994FBC9A6452 /* [CP] Embed Pods Frameworks */ = {
			isa = PBXShellScriptBuildPhase;
			buildActionMask = 2147483647;
			files = (
			);
			inputFileListPaths = (
				"${PODS_ROOT}/Target Support Files/Pods-SecurityGuard/Pods-SecurityGuard-frameworks-${CONFIGURATION}-input-files.xcfilelist",
			);
			name = "[CP] Embed Pods Frameworks";
			outputFileListPaths = (
				"${PODS_ROOT}/Target Support Files/Pods-SecurityGuard/Pods-SecurityGuard-frameworks-${CONFIGURATION}-output-files.xcfilelist",
			);
			runOnlyForDeploymentPostprocessing = 0;
			shellPath = /bin/sh;
			shellScript = "\"${PODS_ROOT}/Target Support Files/Pods-SecurityGuard/Pods-SecurityGuard-frameworks.sh\"\n";
			showEnvVarsInLog = 0;
		};
/* End PBXShellScriptBuildPhase section */

/* Begin PBXSourcesBuildPhase section */
		F1A1183F2A80D44C00BE2349 /* Sources */ = {
			isa = PBXSourcesBuildPhase;
			buildActionMask = 2147483647;
			files = (
				F15B299E2A83D9BA005B5C1A /* LoginViewModel.swift in Sources */,
				F15AD2DC2A84D1D90082331F /* AuthManager.swift in Sources */,
				F14DF5802A9B539F0068ECD1 /* FontExtensions.swift in Sources */,
				F1997DCA2AAEFC9A000C9C99 /* DeviceSelectorViewController.swift in Sources */,
				F19334572A8CA9ED0011403C /* AddDeviceViewModel.swift in Sources */,
				F193345A2A8CAAB80011403C /* Device.swift in Sources */,
				F1A1185F2A80DB8200BE2349 /* LoginViewController.swift in Sources */,
				F15B29A12A83DAB4005B5C1A /* UserDefaultExtensions.swift in Sources */,
				F19334542A8CA9D00011403C /* AddDeviceViewController.swift in Sources */,
				F1A118632A80E47300BE2349 /* PaddedTextField.swift in Sources */,
				F15AD2DA2A84BC650082331F /* AlertController.swift in Sources */,
				F1A4F1792A9CABB400CC147D /* ActivationViewController.swift in Sources */,
				F1271B802AAB20B700A5DA5F /* OthersViewController.swift in Sources */,
				F15B299C2A83D970005B5C1A /* User.swift in Sources */,
				F1A118472A80D44C00BE2349 /* AppDelegate.swift in Sources */,
				F1997DCD2AAEFCC9000C9C99 /* DeviceTableViewCell.swift in Sources */,
				F1D9AD482A9A078F00029A8C /* TabBarController.swift in Sources */,
				F1271B7C2AAB1C7F00A5DA5F /* PartsViewController.swift in Sources */,
				F19334662A8CF4340011403C /* HomeViewController.swift in Sources */,
				F1A118492A80D44C00BE2349 /* SceneDelegate.swift in Sources */,
			);
			runOnlyForDeploymentPostprocessing = 0;
		};
/* End PBXSourcesBuildPhase section */

/* Begin PBXVariantGroup section */
		F15B29A72A83DEA4005B5C1A /* Localizable.strings */ = {
			isa = PBXVariantGroup;
			children = (
				F15B29A62A83DEA4005B5C1A /* en */,
				F15B29A82A83DF25005B5C1A /* fa */,
			);
			name = Localizable.strings;
			sourceTree = "<group>";
		};
		F1A1184C2A80D44C00BE2349 /* Main.storyboard */ = {
			isa = PBXVariantGroup;
			children = (
				F1A1184D2A80D44C00BE2349 /* Base */,
				F14DF5842A9B5A7E0068ECD1 /* en */,
				F14DF5852A9B5A830068ECD1 /* fa */,
			);
			name = Main.storyboard;
			sourceTree = "<group>";
		};
		F1A118512A80D44D00BE2349 /* LaunchScreen.storyboard */ = {
			isa = PBXVariantGroup;
			children = (
				F1A118522A80D44D00BE2349 /* Base */,
			);
			name = LaunchScreen.storyboard;
			sourceTree = "<group>";
		};
/* End PBXVariantGroup section */

/* Begin XCBuildConfiguration section */
		F1A118552A80D44D00BE2349 /* Debug */ = {
			isa = XCBuildConfiguration;
			buildSettings = {
				ALWAYS_SEARCH_USER_PATHS = NO;
				CLANG_ANALYZER_LOCALIZABILITY_NONLOCALIZED = YES;
				CLANG_ANALYZER_NONNULL = YES;
				CLANG_ANALYZER_NUMBER_OBJECT_CONVERSION = YES_AGGRESSIVE;
				CLANG_CXX_LANGUAGE_STANDARD = "gnu++20";
				CLANG_ENABLE_MODULES = YES;
				CLANG_ENABLE_OBJC_ARC = YES;
				CLANG_ENABLE_OBJC_WEAK = YES;
				CLANG_WARN_BLOCK_CAPTURE_AUTORELEASING = YES;
				CLANG_WARN_BOOL_CONVERSION = YES;
				CLANG_WARN_COMMA = YES;
				CLANG_WARN_CONSTANT_CONVERSION = YES;
				CLANG_WARN_DEPRECATED_OBJC_IMPLEMENTATIONS = YES;
				CLANG_WARN_DIRECT_OBJC_ISA_USAGE = YES_ERROR;
				CLANG_WARN_DOCUMENTATION_COMMENTS = YES;
				CLANG_WARN_EMPTY_BODY = YES;
				CLANG_WARN_ENUM_CONVERSION = YES;
				CLANG_WARN_INFINITE_RECURSION = YES;
				CLANG_WARN_INT_CONVERSION = YES;
				CLANG_WARN_NON_LITERAL_NULL_CONVERSION = YES;
				CLANG_WARN_OBJC_IMPLICIT_RETAIN_SELF = YES;
				CLANG_WARN_OBJC_LITERAL_CONVERSION = YES;
				CLANG_WARN_OBJC_ROOT_CLASS = YES_ERROR;
				CLANG_WARN_QUOTED_INCLUDE_IN_FRAMEWORK_HEADER = YES;
				CLANG_WARN_RANGE_LOOP_ANALYSIS = YES;
				CLANG_WARN_STRICT_PROTOTYPES = YES;
				CLANG_WARN_SUSPICIOUS_MOVE = YES;
				CLANG_WARN_UNGUARDED_AVAILABILITY = YES_AGGRESSIVE;
				CLANG_WARN_UNREACHABLE_CODE = YES;
				CLANG_WARN__DUPLICATE_METHOD_MATCH = YES;
				COPY_PHASE_STRIP = NO;
				DEBUG_INFORMATION_FORMAT = dwarf;
				ENABLE_STRICT_OBJC_MSGSEND = YES;
				ENABLE_TESTABILITY = YES;
				GCC_C_LANGUAGE_STANDARD = gnu11;
				GCC_DYNAMIC_NO_PIC = NO;
				GCC_NO_COMMON_BLOCKS = YES;
				GCC_OPTIMIZATION_LEVEL = 0;
				GCC_PREPROCESSOR_DEFINITIONS = (
					"DEBUG=1",
					"$(inherited)",
				);
				GCC_WARN_64_TO_32_BIT_CONVERSION = YES;
				GCC_WARN_ABOUT_RETURN_TYPE = YES_ERROR;
				GCC_WARN_UNDECLARED_SELECTOR = YES;
				GCC_WARN_UNINITIALIZED_AUTOS = YES_AGGRESSIVE;
				GCC_WARN_UNUSED_FUNCTION = YES;
				GCC_WARN_UNUSED_VARIABLE = YES;
				IPHONEOS_DEPLOYMENT_TARGET = 16.4;
				MTL_ENABLE_DEBUG_INFO = INCLUDE_SOURCE;
				MTL_FAST_MATH = YES;
				ONLY_ACTIVE_ARCH = YES;
				SDKROOT = iphoneos;
				SWIFT_ACTIVE_COMPILATION_CONDITIONS = DEBUG;
				SWIFT_OPTIMIZATION_LEVEL = "-Onone";
			};
			name = Debug;
		};
		F1A118562A80D44D00BE2349 /* Release */ = {
			isa = XCBuildConfiguration;
			buildSettings = {
				ALWAYS_SEARCH_USER_PATHS = NO;
				CLANG_ANALYZER_LOCALIZABILITY_NONLOCALIZED = YES;
				CLANG_ANALYZER_NONNULL = YES;
				CLANG_ANALYZER_NUMBER_OBJECT_CONVERSION = YES_AGGRESSIVE;
				CLANG_CXX_LANGUAGE_STANDARD = "gnu++20";
				CLANG_ENABLE_MODULES = YES;
				CLANG_ENABLE_OBJC_ARC = YES;
				CLANG_ENABLE_OBJC_WEAK = YES;
				CLANG_WARN_BLOCK_CAPTURE_AUTORELEASING = YES;
				CLANG_WARN_BOOL_CONVERSION = YES;
				CLANG_WARN_COMMA = YES;
				CLANG_WARN_CONSTANT_CONVERSION = YES;
				CLANG_WARN_DEPRECATED_OBJC_IMPLEMENTATIONS = YES;
				CLANG_WARN_DIRECT_OBJC_ISA_USAGE = YES_ERROR;
				CLANG_WARN_DOCUMENTATION_COMMENTS = YES;
				CLANG_WARN_EMPTY_BODY = YES;
				CLANG_WARN_ENUM_CONVERSION = YES;
				CLANG_WARN_INFINITE_RECURSION = YES;
				CLANG_WARN_INT_CONVERSION = YES;
				CLANG_WARN_NON_LITERAL_NULL_CONVERSION = YES;
				CLANG_WARN_OBJC_IMPLICIT_RETAIN_SELF = YES;
				CLANG_WARN_OBJC_LITERAL_CONVERSION = YES;
				CLANG_WARN_OBJC_ROOT_CLASS = YES_ERROR;
				CLANG_WARN_QUOTED_INCLUDE_IN_FRAMEWORK_HEADER = YES;
				CLANG_WARN_RANGE_LOOP_ANALYSIS = YES;
				CLANG_WARN_STRICT_PROTOTYPES = YES;
				CLANG_WARN_SUSPICIOUS_MOVE = YES;
				CLANG_WARN_UNGUARDED_AVAILABILITY = YES_AGGRESSIVE;
				CLANG_WARN_UNREACHABLE_CODE = YES;
				CLANG_WARN__DUPLICATE_METHOD_MATCH = YES;
				COPY_PHASE_STRIP = NO;
				DEBUG_INFORMATION_FORMAT = "dwarf-with-dsym";
				ENABLE_NS_ASSERTIONS = NO;
				ENABLE_STRICT_OBJC_MSGSEND = YES;
				GCC_C_LANGUAGE_STANDARD = gnu11;
				GCC_NO_COMMON_BLOCKS = YES;
				GCC_WARN_64_TO_32_BIT_CONVERSION = YES;
				GCC_WARN_ABOUT_RETURN_TYPE = YES_ERROR;
				GCC_WARN_UNDECLARED_SELECTOR = YES;
				GCC_WARN_UNINITIALIZED_AUTOS = YES_AGGRESSIVE;
				GCC_WARN_UNUSED_FUNCTION = YES;
				GCC_WARN_UNUSED_VARIABLE = YES;
				IPHONEOS_DEPLOYMENT_TARGET = 16.4;
				MTL_ENABLE_DEBUG_INFO = NO;
				MTL_FAST_MATH = YES;
				SDKROOT = iphoneos;
				SWIFT_COMPILATION_MODE = wholemodule;
				SWIFT_OPTIMIZATION_LEVEL = "-O";
				VALIDATE_PRODUCT = YES;
			};
			name = Release;
		};
		F1A118582A80D44D00BE2349 /* Debug */ = {
			isa = XCBuildConfiguration;
			baseConfigurationReference = 5FF7E304DBA56746BD454470 /* Pods-SecurityGuard.debug.xcconfig */;
			buildSettings = {
				ASSETCATALOG_COMPILER_APPICON_NAME = AppIcon;
				ASSETCATALOG_COMPILER_GLOBAL_ACCENT_COLOR_NAME = AccentColor;
				CODE_SIGN_STYLE = Automatic;
				CURRENT_PROJECT_VERSION = 1;
				DEVELOPMENT_TEAM = 7SX7QR45PP;
				GENERATE_INFOPLIST_FILE = YES;
				INFOPLIST_FILE = SecurityGuard/Info.plist;
				INFOPLIST_KEY_NSFaceIDUsageDescription = "We use Face ID to authenticate you.";
				INFOPLIST_KEY_UIApplicationSupportsIndirectInputEvents = YES;
				INFOPLIST_KEY_UILaunchStoryboardName = LaunchScreen;
				INFOPLIST_KEY_UIMainStoryboardFile = Main;
				INFOPLIST_KEY_UISupportedInterfaceOrientations = UIInterfaceOrientationPortrait;
				IPHONEOS_DEPLOYMENT_TARGET = 14.0;
				LD_RUNPATH_SEARCH_PATHS = (
					"$(inherited)",
					"@executable_path/Frameworks",
				);
				MARKETING_VERSION = 1.0;
				PRODUCT_BUNDLE_IDENTIFIER = com.ArashZeinoddini.SecurityGuard;
				PRODUCT_NAME = "$(TARGET_NAME)";
				SWIFT_EMIT_LOC_STRINGS = YES;
				SWIFT_VERSION = 5.0;
				TARGETED_DEVICE_FAMILY = "1,2";
			};
			name = Debug;
		};
		F1A118592A80D44D00BE2349 /* Release */ = {
			isa = XCBuildConfiguration;
			baseConfigurationReference = F2BE9F37A7F15DF71FAE2A7A /* Pods-SecurityGuard.release.xcconfig */;
			buildSettings = {
				ASSETCATALOG_COMPILER_APPICON_NAME = AppIcon;
				ASSETCATALOG_COMPILER_GLOBAL_ACCENT_COLOR_NAME = AccentColor;
				CODE_SIGN_STYLE = Automatic;
				CURRENT_PROJECT_VERSION = 1;
				DEVELOPMENT_TEAM = 7SX7QR45PP;
				GENERATE_INFOPLIST_FILE = YES;
				INFOPLIST_FILE = SecurityGuard/Info.plist;
				INFOPLIST_KEY_NSFaceIDUsageDescription = "We use Face ID to authenticate you.";
				INFOPLIST_KEY_UIApplicationSupportsIndirectInputEvents = YES;
				INFOPLIST_KEY_UILaunchStoryboardName = LaunchScreen;
				INFOPLIST_KEY_UIMainStoryboardFile = Main;
				INFOPLIST_KEY_UISupportedInterfaceOrientations = UIInterfaceOrientationPortrait;
				IPHONEOS_DEPLOYMENT_TARGET = 14.0;
				LD_RUNPATH_SEARCH_PATHS = (
					"$(inherited)",
					"@executable_path/Frameworks",
				);
				MARKETING_VERSION = 1.0;
				PRODUCT_BUNDLE_IDENTIFIER = com.ArashZeinoddini.SecurityGuard;
				PRODUCT_NAME = "$(TARGET_NAME)";
				SWIFT_EMIT_LOC_STRINGS = YES;
				SWIFT_VERSION = 5.0;
				TARGETED_DEVICE_FAMILY = "1,2";
			};
			name = Release;
		};
/* End XCBuildConfiguration section */

/* Begin XCConfigurationList section */
		F1A1183E2A80D44C00BE2349 /* Build configuration list for PBXProject "SecurityGuard" */ = {
			isa = XCConfigurationList;
			buildConfigurations = (
				F1A118552A80D44D00BE2349 /* Debug */,
				F1A118562A80D44D00BE2349 /* Release */,
			);
			defaultConfigurationIsVisible = 0;
			defaultConfigurationName = Release;
		};
		F1A118572A80D44D00BE2349 /* Build configuration list for PBXNativeTarget "SecurityGuard" */ = {
			isa = XCConfigurationList;
			buildConfigurations = (
				F1A118582A80D44D00BE2349 /* Debug */,
				F1A118592A80D44D00BE2349 /* Release */,
			);
			defaultConfigurationIsVisible = 0;
			defaultConfigurationName = Release;
		};
/* End XCConfigurationList section */
	};
	rootObject = F1A1183B2A80D44C00BE2349 /* Project object */;
}
